
Microsoft Visual Studio Solution File, Format Version 12.00
# Visual Studio Version 16
VisualStudioVersion = 16.0.31025.194
MinimumVisualStudioVersion = 10.0.40219.1
Project("{FAE04EC0-301F-11D3-BF4B-00C04F79EFBC}") = "Pensionato", "Pensionato\Pensionato.csproj", "{10FACC5D-71C3-438C-8D25-D298066BE7F6}"
EndProject
Global
	GlobalSection(SolutionConfigurationPlatforms) = preSolution
		Debug|Any CPU = Debug|Any CPU
		Release|Any CPU = Release|Any CPU
	EndGlobalSection
	GlobalSection(ProjectConfigurationPlatforms) = postSolution
		{10FACC5D-71C3-438C-8D25-D298066BE7F6}.Debug|Any CPU.ActiveCfg = Debug|Any CPU
		{10FACC5D-71C3-438C-8D25-D298066BE7F6}.Debug|Any CPU.Build.0 = Debug|Any CPU
		{10FACC5D-71C3-438C-8D25-D298066BE7F6}.Release|Any CPU.ActiveCfg = Release|Any CPU
		{10FACC5D-71C3-438C-8D25-D298066BE7F6}.Release|Any CPU.Build.0 = Release|Any CPU
	EndGlobalSection
	GlobalSection(SolutionProperties) = preSolution
		HideSolutionNode = FALSE
	EndGlobalSection
	GlobalSection(ExtensibilityGlobals) = postSolution
		SolutionGuid = {DD8EE522-F8C0-48F5-AC3A-8F077172C965}
	EndGlobalSection
EndGlobal
